
Microsoft Visual Studio Solution File, Format Version 12.00
# Visual Studio Version 17
VisualStudioVersion = 17.9.34728.123
MinimumVisualStudioVersion = 10.0.40219.1
Project("{FAE04EC0-301F-11D3-BF4B-00C04F79EFBC}") = "ConvertetBindingTest", "ConvertetBindingTest\ConvertetBindingTest.csproj", "{ABF15C85-401A-4970-B045-458D03F83164}"
EndProject
Global
	GlobalSection(SolutionConfigurationPlatforms) = preSolution
		Debug|Any CPU = Debug|Any CPU
		Release|Any CPU = Release|Any CPU
	EndGlobalSection
	GlobalSection(ProjectConfigurationPlatforms) = postSolution
		{ABF15C85-401A-4970-B045-458D03F83164}.Debug|Any CPU.ActiveCfg = Debug|Any CPU
		{ABF15C85-401A-4970-B045-458D03F83164}.Debug|Any CPU.Build.0 = Debug|Any CPU
		{ABF15C85-401A-4970-B045-458D03F83164}.Release|Any CPU.ActiveCfg = Release|Any CPU
		{ABF15C85-401A-4970-B045-458D03F83164}.Release|Any CPU.Build.0 = Release|Any CPU
	EndGlobalSection
	GlobalSection(SolutionProperties) = preSolution
		HideSolutionNode = FALSE
	EndGlobalSection
	GlobalSection(ExtensibilityGlobals) = postSolution
		SolutionGuid = {3BB2FEA9-36E0-4919-ADC6-4B78828C1405}
	EndGlobalSection
EndGlobal
